// !$*UTF8*$!
{
	archiveVersion = 1;
	classes = {
	};
	objectVersion = 56;
	objects = {

/* Begin PBXBuildFile section */
		1645D1D3FABC2B2A481BB033 /* Pods_YMapTest.framework in Frameworks */ = {isa = PBXBuildFile; fileRef = 454C9011A6760420C0808EB9 /* Pods_YMapTest.framework */; };
		264AC2CC2C196CA9004E83E0 /* GradientView.swift in Sources */ = {isa = PBXBuildFile; fileRef = 264AC2CB2C196CA8004E83E0 /* GradientView.swift */; };
		264AC2CE2C196DE3004E83E0 /* StartModalOnMapVC.swift in Sources */ = {isa = PBXBuildFile; fileRef = 264AC2CD2C196DE3004E83E0 /* StartModalOnMapVC.swift */; };
		264AC2D02C197308004E83E0 /* LastAddressGridCell.swift in Sources */ = {isa = PBXBuildFile; fileRef = 264AC2CF2C197308004E83E0 /* LastAddressGridCell.swift */; };
		264AC2D32C197C01004E83E0 /* IntrinsicCollectionView.swift in Sources */ = {isa = PBXBuildFile; fileRef = 264AC2D12C197C01004E83E0 /* IntrinsicCollectionView.swift */; };
		264AC2D42C197C01004E83E0 /* IntrinsicTableView.swift in Sources */ = {isa = PBXBuildFile; fileRef = 264AC2D22C197C01004E83E0 /* IntrinsicTableView.swift */; };
		264AC2D62C19C5E7004E83E0 /* SecondaryLabel.swift in Sources */ = {isa = PBXBuildFile; fileRef = 264AC2D52C19C5E7004E83E0 /* SecondaryLabel.swift */; };
		26738D7C2C182569008DF0BC /* ModalPresenter.swift in Sources */ = {isa = PBXBuildFile; fileRef = 26738D7B2C182569008DF0BC /* ModalPresenter.swift */; };
		26738D802C182A9E008DF0BC /* Colors.swift in Sources */ = {isa = PBXBuildFile; fileRef = 26738D7F2C182A9E008DF0BC /* Colors.swift */; };
		26738D822C182B5E008DF0BC /* UIColor+Extension.swift in Sources */ = {isa = PBXBuildFile; fileRef = 26738D812C182B5E008DF0BC /* UIColor+Extension.swift */; };
		26738D902C183EF1008DF0BC /* Manrope-VariableFont_wght.ttf in Resources */ = {isa = PBXBuildFile; fileRef = 26738D852C183EF1008DF0BC /* Manrope-VariableFont_wght.ttf */; };
		26738D912C183EF1008DF0BC /* Manrope-Medium.ttf in Resources */ = {isa = PBXBuildFile; fileRef = 26738D872C183EF1008DF0BC /* Manrope-Medium.ttf */; };
		26738D922C183EF1008DF0BC /* Manrope-SemiBold.ttf in Resources */ = {isa = PBXBuildFile; fileRef = 26738D882C183EF1008DF0BC /* Manrope-SemiBold.ttf */; };
		26738D932C183EF1008DF0BC /* Manrope-ExtraBold.ttf in Resources */ = {isa = PBXBuildFile; fileRef = 26738D892C183EF1008DF0BC /* Manrope-ExtraBold.ttf */; };
		26738D942C183EF1008DF0BC /* Manrope-Regular.ttf in Resources */ = {isa = PBXBuildFile; fileRef = 26738D8A2C183EF1008DF0BC /* Manrope-Regular.ttf */; };
		26738D952C183EF1008DF0BC /* Manrope-ExtraLight.ttf in Resources */ = {isa = PBXBuildFile; fileRef = 26738D8B2C183EF1008DF0BC /* Manrope-ExtraLight.ttf */; };
		26738D962C183EF1008DF0BC /* Manrope-Light.ttf in Resources */ = {isa = PBXBuildFile; fileRef = 26738D8C2C183EF1008DF0BC /* Manrope-Light.ttf */; };
		26738D972C183EF1008DF0BC /* Manrope-Bold.ttf in Resources */ = {isa = PBXBuildFile; fileRef = 26738D8D2C183EF1008DF0BC /* Manrope-Bold.ttf */; };
		26738D982C183EF1008DF0BC /* OFL.txt in Resources */ = {isa = PBXBuildFile; fileRef = 26738D8E2C183EF1008DF0BC /* OFL.txt */; };
		26738D992C183EF1008DF0BC /* README.txt in Resources */ = {isa = PBXBuildFile; fileRef = 26738D8F2C183EF1008DF0BC /* README.txt */; };
		26738D9B2C18407D008DF0BC /* UIFont+Extension.swift in Sources */ = {isa = PBXBuildFile; fileRef = 26738D9A2C18407D008DF0BC /* UIFont+Extension.swift */; };
		26738D9F2C185E72008DF0BC /* CommonModalViewController.swift in Sources */ = {isa = PBXBuildFile; fileRef = 26738D9E2C185E72008DF0BC /* CommonModalViewController.swift */; };
		26738DA12C1860B5008DF0BC /* UIView+Extension.swift in Sources */ = {isa = PBXBuildFile; fileRef = 26738DA02C1860B5008DF0BC /* UIView+Extension.swift */; };
		26738DA32C1861D0008DF0BC /* TitleLabel.swift in Sources */ = {isa = PBXBuildFile; fileRef = 26738DA22C1861D0008DF0BC /* TitleLabel.swift */; };
		26738DA52C186254008DF0BC /* CustomLabel.swift in Sources */ = {isa = PBXBuildFile; fileRef = 26738DA42C186254008DF0BC /* CustomLabel.swift */; };
		26738DA72C186463008DF0BC /* SubtitleLabel.swift in Sources */ = {isa = PBXBuildFile; fileRef = 26738DA62C186463008DF0BC /* SubtitleLabel.swift */; };
		26738DAC2C186B14008DF0BC /* PrimaryButton.swift in Sources */ = {isa = PBXBuildFile; fileRef = 26738DAB2C186B14008DF0BC /* PrimaryButton.swift */; };
		26738DAE2C187A70008DF0BC /* SecondaryButton.swift in Sources */ = {isa = PBXBuildFile; fileRef = 26738DAD2C187A70008DF0BC /* SecondaryButton.swift */; };
		26C4715C2C16DAFB0046ABEE /* StackViews.swift in Sources */ = {isa = PBXBuildFile; fileRef = 26C4715B2C16DAFB0046ABEE /* StackViews.swift */; };
		C3326B1E2BFFA00F00234D26 /* AppDelegate.swift in Sources */ = {isa = PBXBuildFile; fileRef = C3326B1D2BFFA00F00234D26 /* AppDelegate.swift */; };
		C3326B202BFFA00F00234D26 /* SceneDelegate.swift in Sources */ = {isa = PBXBuildFile; fileRef = C3326B1F2BFFA00F00234D26 /* SceneDelegate.swift */; };
		C3326B222BFFA00F00234D26 /* MapViewController.swift in Sources */ = {isa = PBXBuildFile; fileRef = C3326B212BFFA00F00234D26 /* MapViewController.swift */; };
		C3326B272BFFA01200234D26 /* Assets.xcassets in Resources */ = {isa = PBXBuildFile; fileRef = C3326B262BFFA01200234D26 /* Assets.xcassets */; };
		C3326B2A2BFFA01200234D26 /* LaunchScreen.storyboard in Resources */ = {isa = PBXBuildFile; fileRef = C3326B282BFFA01200234D26 /* LaunchScreen.storyboard */; };
		C3326B322BFFA39600234D26 /* Constants.swift in Sources */ = {isa = PBXBuildFile; fileRef = C3326B312BFFA39600234D26 /* Constants.swift */; };
		C39A22212BFFB11300F1E6D7 /* NotificationBanner.swift in Sources */ = {isa = PBXBuildFile; fileRef = C39A22202BFFB11300F1E6D7 /* NotificationBanner.swift */; };
		C39A22232BFFB13D00F1E6D7 /* NotificationBannerView.swift in Sources */ = {isa = PBXBuildFile; fileRef = C39A22222BFFB13D00F1E6D7 /* NotificationBannerView.swift */; };
		C39A22262BFFB16C00F1E6D7 /* NotificationBannerStyle.swift in Sources */ = {isa = PBXBuildFile; fileRef = C39A22252BFFB16C00F1E6D7 /* NotificationBannerStyle.swift */; };
		C39A22282BFFB33600F1E6D7 /* Extensions.swift in Sources */ = {isa = PBXBuildFile; fileRef = C39A22272BFFB33600F1E6D7 /* Extensions.swift */; };
		C39A222B2BFFB80400F1E6D7 /* LocationService.swift in Sources */ = {isa = PBXBuildFile; fileRef = C39A222A2BFFB80400F1E6D7 /* LocationService.swift */; };
/* End PBXBuildFile section */

/* Begin PBXFileReference section */
		264AC2CB2C196CA8004E83E0 /* GradientView.swift */ = {isa = PBXFileReference; fileEncoding = 4; lastKnownFileType = sourcecode.swift; path = GradientView.swift; sourceTree = "<group>"; };
		264AC2CD2C196DE3004E83E0 /* StartModalOnMapVC.swift */ = {isa = PBXFileReference; lastKnownFileType = sourcecode.swift; path = StartModalOnMapVC.swift; sourceTree = "<group>"; };
		264AC2CF2C197308004E83E0 /* LastAddressGridCell.swift */ = {isa = PBXFileReference; lastKnownFileType = sourcecode.swift; path = LastAddressGridCell.swift; sourceTree = "<group>"; };
		264AC2D12C197C01004E83E0 /* IntrinsicCollectionView.swift */ = {isa = PBXFileReference; fileEncoding = 4; lastKnownFileType = sourcecode.swift; path = IntrinsicCollectionView.swift; sourceTree = "<group>"; };
		264AC2D22C197C01004E83E0 /* IntrinsicTableView.swift */ = {isa = PBXFileReference; fileEncoding = 4; lastKnownFileType = sourcecode.swift; path = IntrinsicTableView.swift; sourceTree = "<group>"; };
		264AC2D52C19C5E7004E83E0 /* SecondaryLabel.swift */ = {isa = PBXFileReference; lastKnownFileType = sourcecode.swift; path = SecondaryLabel.swift; sourceTree = "<group>"; };
		26738D7B2C182569008DF0BC /* ModalPresenter.swift */ = {isa = PBXFileReference; lastKnownFileType = sourcecode.swift; path = ModalPresenter.swift; sourceTree = "<group>"; };
		26738D7F2C182A9E008DF0BC /* Colors.swift */ = {isa = PBXFileReference; lastKnownFileType = sourcecode.swift; path = Colors.swift; sourceTree = "<group>"; };
		26738D812C182B5E008DF0BC /* UIColor+Extension.swift */ = {isa = PBXFileReference; lastKnownFileType = sourcecode.swift; path = "UIColor+Extension.swift"; sourceTree = "<group>"; };
		26738D852C183EF1008DF0BC /* Manrope-VariableFont_wght.ttf */ = {isa = PBXFileReference; lastKnownFileType = file; path = "Manrope-VariableFont_wght.ttf"; sourceTree = "<group>"; };
		26738D872C183EF1008DF0BC /* Manrope-Medium.ttf */ = {isa = PBXFileReference; lastKnownFileType = file; path = "Manrope-Medium.ttf"; sourceTree = "<group>"; };
		26738D882C183EF1008DF0BC /* Manrope-SemiBold.ttf */ = {isa = PBXFileReference; lastKnownFileType = file; path = "Manrope-SemiBold.ttf"; sourceTree = "<group>"; };
		26738D892C183EF1008DF0BC /* Manrope-ExtraBold.ttf */ = {isa = PBXFileReference; lastKnownFileType = file; path = "Manrope-ExtraBold.ttf"; sourceTree = "<group>"; };
		26738D8A2C183EF1008DF0BC /* Manrope-Regular.ttf */ = {isa = PBXFileReference; lastKnownFileType = file; path = "Manrope-Regular.ttf"; sourceTree = "<group>"; };
		26738D8B2C183EF1008DF0BC /* Manrope-ExtraLight.ttf */ = {isa = PBXFileReference; lastKnownFileType = file; path = "Manrope-ExtraLight.ttf"; sourceTree = "<group>"; };
		26738D8C2C183EF1008DF0BC /* Manrope-Light.ttf */ = {isa = PBXFileReference; lastKnownFileType = file; path = "Manrope-Light.ttf"; sourceTree = "<group>"; };
		26738D8D2C183EF1008DF0BC /* Manrope-Bold.ttf */ = {isa = PBXFileReference; lastKnownFileType = file; path = "Manrope-Bold.ttf"; sourceTree = "<group>"; };
		26738D8E2C183EF1008DF0BC /* OFL.txt */ = {isa = PBXFileReference; fileEncoding = 4; lastKnownFileType = text; path = OFL.txt; sourceTree = "<group>"; };
		26738D8F2C183EF1008DF0BC /* README.txt */ = {isa = PBXFileReference; fileEncoding = 4; lastKnownFileType = text; path = README.txt; sourceTree = "<group>"; };
		26738D9A2C18407D008DF0BC /* UIFont+Extension.swift */ = {isa = PBXFileReference; lastKnownFileType = sourcecode.swift; path = "UIFont+Extension.swift"; sourceTree = "<group>"; };
		26738D9E2C185E72008DF0BC /* CommonModalViewController.swift */ = {isa = PBXFileReference; lastKnownFileType = sourcecode.swift; path = CommonModalViewController.swift; sourceTree = "<group>"; };
		26738DA02C1860B5008DF0BC /* UIView+Extension.swift */ = {isa = PBXFileReference; lastKnownFileType = sourcecode.swift; path = "UIView+Extension.swift"; sourceTree = "<group>"; };
		26738DA22C1861D0008DF0BC /* TitleLabel.swift */ = {isa = PBXFileReference; lastKnownFileType = sourcecode.swift; path = TitleLabel.swift; sourceTree = "<group>"; };
		26738DA42C186254008DF0BC /* CustomLabel.swift */ = {isa = PBXFileReference; lastKnownFileType = sourcecode.swift; path = CustomLabel.swift; sourceTree = "<group>"; };
		26738DA62C186463008DF0BC /* SubtitleLabel.swift */ = {isa = PBXFileReference; lastKnownFileType = sourcecode.swift; path = SubtitleLabel.swift; sourceTree = "<group>"; };
		26738DAB2C186B14008DF0BC /* PrimaryButton.swift */ = {isa = PBXFileReference; lastKnownFileType = sourcecode.swift; path = PrimaryButton.swift; sourceTree = "<group>"; };
		26738DAD2C187A70008DF0BC /* SecondaryButton.swift */ = {isa = PBXFileReference; lastKnownFileType = sourcecode.swift; path = SecondaryButton.swift; sourceTree = "<group>"; };
		26C4715B2C16DAFB0046ABEE /* StackViews.swift */ = {isa = PBXFileReference; lastKnownFileType = sourcecode.swift; path = StackViews.swift; sourceTree = "<group>"; };
		454C9011A6760420C0808EB9 /* Pods_YMapTest.framework */ = {isa = PBXFileReference; explicitFileType = wrapper.framework; includeInIndex = 0; path = Pods_YMapTest.framework; sourceTree = BUILT_PRODUCTS_DIR; };
		6B782188053772D412CD573E /* Pods-YMapTest.release.xcconfig */ = {isa = PBXFileReference; includeInIndex = 1; lastKnownFileType = text.xcconfig; name = "Pods-YMapTest.release.xcconfig"; path = "Target Support Files/Pods-YMapTest/Pods-YMapTest.release.xcconfig"; sourceTree = "<group>"; };
		6FECE9621E2AECB0CE31475D /* Pods-YMapTest.debug.xcconfig */ = {isa = PBXFileReference; includeInIndex = 1; lastKnownFileType = text.xcconfig; name = "Pods-YMapTest.debug.xcconfig"; path = "Target Support Files/Pods-YMapTest/Pods-YMapTest.debug.xcconfig"; sourceTree = "<group>"; };
		C3326B1A2BFFA00F00234D26 /* YMapTest.app */ = {isa = PBXFileReference; explicitFileType = wrapper.application; includeInIndex = 0; path = YMapTest.app; sourceTree = BUILT_PRODUCTS_DIR; };
		C3326B1D2BFFA00F00234D26 /* AppDelegate.swift */ = {isa = PBXFileReference; lastKnownFileType = sourcecode.swift; path = AppDelegate.swift; sourceTree = "<group>"; };
		C3326B1F2BFFA00F00234D26 /* SceneDelegate.swift */ = {isa = PBXFileReference; lastKnownFileType = sourcecode.swift; path = SceneDelegate.swift; sourceTree = "<group>"; };
		C3326B212BFFA00F00234D26 /* MapViewController.swift */ = {isa = PBXFileReference; lastKnownFileType = sourcecode.swift; path = MapViewController.swift; sourceTree = "<group>"; };
		C3326B262BFFA01200234D26 /* Assets.xcassets */ = {isa = PBXFileReference; lastKnownFileType = folder.assetcatalog; path = Assets.xcassets; sourceTree = "<group>"; };
		C3326B292BFFA01200234D26 /* Base */ = {isa = PBXFileReference; lastKnownFileType = file.storyboard; name = Base; path = Base.lproj/LaunchScreen.storyboard; sourceTree = "<group>"; };
		C3326B2B2BFFA01200234D26 /* Info.plist */ = {isa = PBXFileReference; lastKnownFileType = text.plist.xml; path = Info.plist; sourceTree = "<group>"; };
		C3326B312BFFA39600234D26 /* Constants.swift */ = {isa = PBXFileReference; lastKnownFileType = sourcecode.swift; path = Constants.swift; sourceTree = "<group>"; };
		C39A22202BFFB11300F1E6D7 /* NotificationBanner.swift */ = {isa = PBXFileReference; lastKnownFileType = sourcecode.swift; path = NotificationBanner.swift; sourceTree = "<group>"; };
		C39A22222BFFB13D00F1E6D7 /* NotificationBannerView.swift */ = {isa = PBXFileReference; lastKnownFileType = sourcecode.swift; path = NotificationBannerView.swift; sourceTree = "<group>"; };
		C39A22252BFFB16C00F1E6D7 /* NotificationBannerStyle.swift */ = {isa = PBXFileReference; lastKnownFileType = sourcecode.swift; path = NotificationBannerStyle.swift; sourceTree = "<group>"; };
		C39A22272BFFB33600F1E6D7 /* Extensions.swift */ = {isa = PBXFileReference; lastKnownFileType = sourcecode.swift; path = Extensions.swift; sourceTree = "<group>"; };
		C39A222A2BFFB80400F1E6D7 /* LocationService.swift */ = {isa = PBXFileReference; lastKnownFileType = sourcecode.swift; path = LocationService.swift; sourceTree = "<group>"; };
/* End PBXFileReference section */

/* Begin PBXFrameworksBuildPhase section */
		C3326B172BFFA00F00234D26 /* Frameworks */ = {
			isa = PBXFrameworksBuildPhase;
			buildActionMask = 2147483647;
			files = (
				1645D1D3FABC2B2A481BB033 /* Pods_YMapTest.framework in Frameworks */,
			);
			runOnlyForDeploymentPostprocessing = 0;
		};
/* End PBXFrameworksBuildPhase section */

/* Begin PBXGroup section */
		26738D7A2C182559008DF0BC /* UILibrary */ = {
			isa = PBXGroup;
			children = (
				26738D9D2C185E45008DF0BC /* CustomViewControllers */,
				26738D9C2C185E29008DF0BC /* CustomViews */,
				26738D832C183EDB008DF0BC /* Fonts */,
				26738D7B2C182569008DF0BC /* ModalPresenter.swift */,
				26738D7F2C182A9E008DF0BC /* Colors.swift */,
				26738D812C182B5E008DF0BC /* UIColor+Extension.swift */,
				26738D9A2C18407D008DF0BC /* UIFont+Extension.swift */,
				26738DA02C1860B5008DF0BC /* UIView+Extension.swift */,
			);
			path = UILibrary;
			sourceTree = "<group>";
		};
		26738D832C183EDB008DF0BC /* Fonts */ = {
			isa = PBXGroup;
			children = (
				26738D842C183EF1008DF0BC /* Manrope */,
			);
			path = Fonts;
			sourceTree = "<group>";
		};
		26738D842C183EF1008DF0BC /* Manrope */ = {
			isa = PBXGroup;
			children = (
				26738D852C183EF1008DF0BC /* Manrope-VariableFont_wght.ttf */,
				26738D862C183EF1008DF0BC /* static */,
				26738D8E2C183EF1008DF0BC /* OFL.txt */,
				26738D8F2C183EF1008DF0BC /* README.txt */,
			);
			path = Manrope;
			sourceTree = "<group>";
		};
		26738D862C183EF1008DF0BC /* static */ = {
			isa = PBXGroup;
			children = (
				26738D872C183EF1008DF0BC /* Manrope-Medium.ttf */,
				26738D882C183EF1008DF0BC /* Manrope-SemiBold.ttf */,
				26738D892C183EF1008DF0BC /* Manrope-ExtraBold.ttf */,
				26738D8A2C183EF1008DF0BC /* Manrope-Regular.ttf */,
				26738D8B2C183EF1008DF0BC /* Manrope-ExtraLight.ttf */,
				26738D8C2C183EF1008DF0BC /* Manrope-Light.ttf */,
				26738D8D2C183EF1008DF0BC /* Manrope-Bold.ttf */,
			);
			path = static;
			sourceTree = "<group>";
		};
		26738D9C2C185E29008DF0BC /* CustomViews */ = {
			isa = PBXGroup;
			children = (
				26738DAA2C186AFB008DF0BC /* Buttons */,
				26738DA92C186AF2008DF0BC /* Labels */,
				26C4715B2C16DAFB0046ABEE /* StackViews.swift */,
				264AC2CB2C196CA8004E83E0 /* GradientView.swift */,
			);
			path = CustomViews;
			sourceTree = "<group>";
		};
		26738D9D2C185E45008DF0BC /* CustomViewControllers */ = {
			isa = PBXGroup;
			children = (
				26738D9E2C185E72008DF0BC /* CommonModalViewController.swift */,
				264AC2D12C197C01004E83E0 /* IntrinsicCollectionView.swift */,
				264AC2D22C197C01004E83E0 /* IntrinsicTableView.swift */,
			);
			path = CustomViewControllers;
			sourceTree = "<group>";
		};
		26738DA92C186AF2008DF0BC /* Labels */ = {
			isa = PBXGroup;
			children = (
				26738DA22C1861D0008DF0BC /* TitleLabel.swift */,
				26738DA62C186463008DF0BC /* SubtitleLabel.swift */,
				264AC2D52C19C5E7004E83E0 /* SecondaryLabel.swift */,
				26738DA42C186254008DF0BC /* CustomLabel.swift */,
			);
			path = Labels;
			sourceTree = "<group>";
		};
		26738DAA2C186AFB008DF0BC /* Buttons */ = {
			isa = PBXGroup;
			children = (
				26738DAB2C186B14008DF0BC /* PrimaryButton.swift */,
				26738DAD2C187A70008DF0BC /* SecondaryButton.swift */,
			);
			path = Buttons;
			sourceTree = "<group>";
		};
		63EF720736E10A8CA080A952 /* Frameworks */ = {
			isa = PBXGroup;
			children = (
				454C9011A6760420C0808EB9 /* Pods_YMapTest.framework */,
			);
			name = Frameworks;
			sourceTree = "<group>";
		};
		C3326B112BFFA00F00234D26 = {
			isa = PBXGroup;
			children = (
				C3326B1C2BFFA00F00234D26 /* YMapTest */,
				C3326B1B2BFFA00F00234D26 /* Products */,
				EC29A01D08CAB6938F74B7D2 /* Pods */,
				63EF720736E10A8CA080A952 /* Frameworks */,
			);
			sourceTree = "<group>";
		};
		C3326B1B2BFFA00F00234D26 /* Products */ = {
			isa = PBXGroup;
			children = (
				C3326B1A2BFFA00F00234D26 /* YMapTest.app */,
			);
			name = Products;
			sourceTree = "<group>";
		};
		C3326B1C2BFFA00F00234D26 /* YMapTest */ = {
			isa = PBXGroup;
			children = (
				C3326B1D2BFFA00F00234D26 /* AppDelegate.swift */,
				C3326B1F2BFFA00F00234D26 /* SceneDelegate.swift */,
				C39A22292BFFB7F600F1E6D7 /* Services */,
				C3326B342BFFA3CD00234D26 /* Modules */,
				C3326B332BFFA3C500234D26 /* Helpers */,
				C3326B262BFFA01200234D26 /* Assets.xcassets */,
				C3326B282BFFA01200234D26 /* LaunchScreen.storyboard */,
				C3326B2B2BFFA01200234D26 /* Info.plist */,
			);
			path = YMapTest;
			sourceTree = "<group>";
		};
		C3326B332BFFA3C500234D26 /* Helpers */ = {
			isa = PBXGroup;
			children = (
				C3326B312BFFA39600234D26 /* Constants.swift */,
				C39A22242BFFB14400F1E6D7 /* NotificationBanner */,
				C39A22272BFFB33600F1E6D7 /* Extensions.swift */,
			);
			path = Helpers;
			sourceTree = "<group>";
		};
		C3326B342BFFA3CD00234D26 /* Modules */ = {
			isa = PBXGroup;
			children = (
				26738D7A2C182559008DF0BC /* UILibrary */,
				C3326B352BFFA3D200234D26 /* Map */,
			);
			path = Modules;
			sourceTree = "<group>";
		};
		C3326B352BFFA3D200234D26 /* Map */ = {
			isa = PBXGroup;
			children = (
				C3326B362BFFA3DF00234D26 /* Controllers */,
			);
			path = Map;
			sourceTree = "<group>";
		};
		C3326B362BFFA3DF00234D26 /* Controllers */ = {
			isa = PBXGroup;
			children = (
				C3326B212BFFA00F00234D26 /* MapViewController.swift */,
				264AC2CD2C196DE3004E83E0 /* StartModalOnMapVC.swift */,
				264AC2CF2C197308004E83E0 /* LastAddressGridCell.swift */,
			);
			path = Controllers;
			sourceTree = "<group>";
		};
		C39A22242BFFB14400F1E6D7 /* NotificationBanner */ = {
			isa = PBXGroup;
			children = (
				C39A22202BFFB11300F1E6D7 /* NotificationBanner.swift */,
				C39A22222BFFB13D00F1E6D7 /* NotificationBannerView.swift */,
				C39A22252BFFB16C00F1E6D7 /* NotificationBannerStyle.swift */,
			);
			path = NotificationBanner;
			sourceTree = "<group>";
		};
		C39A22292BFFB7F600F1E6D7 /* Services */ = {
			isa = PBXGroup;
			children = (
				C39A222A2BFFB80400F1E6D7 /* LocationService.swift */,
			);
			path = Services;
			sourceTree = "<group>";
		};
		EC29A01D08CAB6938F74B7D2 /* Pods */ = {
			isa = PBXGroup;
			children = (
				6FECE9621E2AECB0CE31475D /* Pods-YMapTest.debug.xcconfig */,
				6B782188053772D412CD573E /* Pods-YMapTest.release.xcconfig */,
			);
			path = Pods;
			sourceTree = "<group>";
		};
/* End PBXGroup section */

/* Begin PBXNativeTarget section */
		C3326B192BFFA00F00234D26 /* YMapTest */ = {
			isa = PBXNativeTarget;
			buildConfigurationList = C3326B2E2BFFA01200234D26 /* Build configuration list for PBXNativeTarget "YMapTest" */;
			buildPhases = (
				AB144159D00D911D310B6BBB /* [CP] Check Pods Manifest.lock */,
				C3326B162BFFA00F00234D26 /* Sources */,
				C3326B172BFFA00F00234D26 /* Frameworks */,
				C3326B182BFFA00F00234D26 /* Resources */,
				417B38DAF32E3EE5799777F8 /* [CP] Embed Pods Frameworks */,
				C7950B93399E6F4252D02D5C /* [CP] Copy Pods Resources */,
			);
			buildRules = (
			);
			dependencies = (
			);
			name = YMapTest;
			productName = YMapTest;
			productReference = C3326B1A2BFFA00F00234D26 /* YMapTest.app */;
			productType = "com.apple.product-type.application";
		};
/* End PBXNativeTarget section */

/* Begin PBXProject section */
		C3326B122BFFA00F00234D26 /* Project object */ = {
			isa = PBXProject;
			attributes = {
				BuildIndependentTargetsInParallel = 1;
				LastSwiftUpdateCheck = 1520;
				LastUpgradeCheck = 1520;
				TargetAttributes = {
					C3326B192BFFA00F00234D26 = {
						CreatedOnToolsVersion = 15.2;
					};
				};
			};
			buildConfigurationList = C3326B152BFFA00F00234D26 /* Build configuration list for PBXProject "YMapTest" */;
			compatibilityVersion = "Xcode 14.0";
			developmentRegion = en;
			hasScannedForEncodings = 0;
			knownRegions = (
				en,
				Base,
			);
			mainGroup = C3326B112BFFA00F00234D26;
			productRefGroup = C3326B1B2BFFA00F00234D26 /* Products */;
			projectDirPath = "";
			projectRoot = "";
			targets = (
				C3326B192BFFA00F00234D26 /* YMapTest */,
			);
		};
/* End PBXProject section */

/* Begin PBXResourcesBuildPhase section */
		C3326B182BFFA00F00234D26 /* Resources */ = {
			isa = PBXResourcesBuildPhase;
			buildActionMask = 2147483647;
			files = (
				26738D922C183EF1008DF0BC /* Manrope-SemiBold.ttf in Resources */,
				26738D982C183EF1008DF0BC /* OFL.txt in Resources */,
				C3326B2A2BFFA01200234D26 /* LaunchScreen.storyboard in Resources */,
				C3326B272BFFA01200234D26 /* Assets.xcassets in Resources */,
				26738D932C183EF1008DF0BC /* Manrope-ExtraBold.ttf in Resources */,
				26738D912C183EF1008DF0BC /* Manrope-Medium.ttf in Resources */,
				26738D952C183EF1008DF0BC /* Manrope-ExtraLight.ttf in Resources */,
				26738D972C183EF1008DF0BC /* Manrope-Bold.ttf in Resources */,
				26738D902C183EF1008DF0BC /* Manrope-VariableFont_wght.ttf in Resources */,
				26738D962C183EF1008DF0BC /* Manrope-Light.ttf in Resources */,
				26738D992C183EF1008DF0BC /* README.txt in Resources */,
				26738D942C183EF1008DF0BC /* Manrope-Regular.ttf in Resources */,
			);
			runOnlyForDeploymentPostprocessing = 0;
		};
/* End PBXResourcesBuildPhase section */

/* Begin PBXShellScriptBuildPhase section */
		417B38DAF32E3EE5799777F8 /* [CP] Embed Pods Frameworks */ = {
			isa = PBXShellScriptBuildPhase;
			buildActionMask = 2147483647;
			files = (
			);
			inputFileListPaths = (
				"${PODS_ROOT}/Target Support Files/Pods-YMapTest/Pods-YMapTest-frameworks-${CONFIGURATION}-input-files.xcfilelist",
			);
			name = "[CP] Embed Pods Frameworks";
			outputFileListPaths = (
				"${PODS_ROOT}/Target Support Files/Pods-YMapTest/Pods-YMapTest-frameworks-${CONFIGURATION}-output-files.xcfilelist",
			);
			runOnlyForDeploymentPostprocessing = 0;
			shellPath = /bin/sh;
			shellScript = "\"${PODS_ROOT}/Target Support Files/Pods-YMapTest/Pods-YMapTest-frameworks.sh\"\n";
			showEnvVarsInLog = 0;
		};
		AB144159D00D911D310B6BBB /* [CP] Check Pods Manifest.lock */ = {
			isa = PBXShellScriptBuildPhase;
			buildActionMask = 2147483647;
			files = (
			);
			inputFileListPaths = (
			);
			inputPaths = (
				"${PODS_PODFILE_DIR_PATH}/Podfile.lock",
				"${PODS_ROOT}/Manifest.lock",
			);
			name = "[CP] Check Pods Manifest.lock";
			outputFileListPaths = (
			);
			outputPaths = (
				"$(DERIVED_FILE_DIR)/Pods-YMapTest-checkManifestLockResult.txt",
			);
			runOnlyForDeploymentPostprocessing = 0;
			shellPath = /bin/sh;
			shellScript = "diff \"${PODS_PODFILE_DIR_PATH}/Podfile.lock\" \"${PODS_ROOT}/Manifest.lock\" > /dev/null\nif [ $? != 0 ] ; then\n    # print error to STDERR\n    echo \"error: The sandbox is not in sync with the Podfile.lock. Run 'pod install' or update your CocoaPods installation.\" >&2\n    exit 1\nfi\n# This output is used by Xcode 'outputs' to avoid re-running this script phase.\necho \"SUCCESS\" > \"${SCRIPT_OUTPUT_FILE_0}\"\n";
			showEnvVarsInLog = 0;
		};
		C7950B93399E6F4252D02D5C /* [CP] Copy Pods Resources */ = {
			isa = PBXShellScriptBuildPhase;
			buildActionMask = 2147483647;
			files = (
			);
			inputFileListPaths = (
				"${PODS_ROOT}/Target Support Files/Pods-YMapTest/Pods-YMapTest-resources-${CONFIGURATION}-input-files.xcfilelist",
			);
			name = "[CP] Copy Pods Resources";
			outputFileListPaths = (
				"${PODS_ROOT}/Target Support Files/Pods-YMapTest/Pods-YMapTest-resources-${CONFIGURATION}-output-files.xcfilelist",
			);
			runOnlyForDeploymentPostprocessing = 0;
			shellPath = /bin/sh;
			shellScript = "\"${PODS_ROOT}/Target Support Files/Pods-YMapTest/Pods-YMapTest-resources.sh\"\n";
			showEnvVarsInLog = 0;
		};
/* End PBXShellScriptBuildPhase section */

/* Begin PBXSourcesBuildPhase section */
		C3326B162BFFA00F00234D26 /* Sources */ = {
			isa = PBXSourcesBuildPhase;
			buildActionMask = 2147483647;
			files = (
				26738D9B2C18407D008DF0BC /* UIFont+Extension.swift in Sources */,
				26738DA52C186254008DF0BC /* CustomLabel.swift in Sources */,
				264AC2CC2C196CA9004E83E0 /* GradientView.swift in Sources */,
				26738DAC2C186B14008DF0BC /* PrimaryButton.swift in Sources */,
				26738DAE2C187A70008DF0BC /* SecondaryButton.swift in Sources */,
				C3326B222BFFA00F00234D26 /* MapViewController.swift in Sources */,
				26738DA12C1860B5008DF0BC /* UIView+Extension.swift in Sources */,
				26C4715C2C16DAFB0046ABEE /* StackViews.swift in Sources */,
				C3326B1E2BFFA00F00234D26 /* AppDelegate.swift in Sources */,
				264AC2D42C197C01004E83E0 /* IntrinsicTableView.swift in Sources */,
				C3326B202BFFA00F00234D26 /* SceneDelegate.swift in Sources */,
				26738D7C2C182569008DF0BC /* ModalPresenter.swift in Sources */,
				264AC2D62C19C5E7004E83E0 /* SecondaryLabel.swift in Sources */,
				C39A22282BFFB33600F1E6D7 /* Extensions.swift in Sources */,
				26738D822C182B5E008DF0BC /* UIColor+Extension.swift in Sources */,
				264AC2CE2C196DE3004E83E0 /* StartModalOnMapVC.swift in Sources */,
				264AC2D32C197C01004E83E0 /* IntrinsicCollectionView.swift in Sources */,
				26738DA72C186463008DF0BC /* SubtitleLabel.swift in Sources */,
				26738D9F2C185E72008DF0BC /* CommonModalViewController.swift in Sources */,
				C3326B322BFFA39600234D26 /* Constants.swift in Sources */,
				26738D802C182A9E008DF0BC /* Colors.swift in Sources */,
				C39A22212BFFB11300F1E6D7 /* NotificationBanner.swift in Sources */,
				C39A22262BFFB16C00F1E6D7 /* NotificationBannerStyle.swift in Sources */,
				264AC2D02C197308004E83E0 /* LastAddressGridCell.swift in Sources */,
				C39A222B2BFFB80400F1E6D7 /* LocationService.swift in Sources */,
				C39A22232BFFB13D00F1E6D7 /* NotificationBannerView.swift in Sources */,
				26738DA32C1861D0008DF0BC /* TitleLabel.swift in Sources */,
			);
			runOnlyForDeploymentPostprocessing = 0;
		};
/* End PBXSourcesBuildPhase section */

/* Begin PBXVariantGroup section */
		C3326B282BFFA01200234D26 /* LaunchScreen.storyboard */ = {
			isa = PBXVariantGroup;
			children = (
				C3326B292BFFA01200234D26 /* Base */,
			);
			name = LaunchScreen.storyboard;
			sourceTree = "<group>";
		};
/* End PBXVariantGroup section */

/* Begin XCBuildConfiguration section */
		C3326B2C2BFFA01200234D26 /* Debug */ = {
			isa = XCBuildConfiguration;
			buildSettings = {
				ALWAYS_SEARCH_USER_PATHS = NO;
				ASSETCATALOG_COMPILER_GENERATE_SWIFT_ASSET_SYMBOL_EXTENSIONS = YES;
				CLANG_ANALYZER_NONNULL = YES;
				CLANG_ANALYZER_NUMBER_OBJECT_CONVERSION = YES_AGGRESSIVE;
				CLANG_CXX_LANGUAGE_STANDARD = "gnu++20";
				CLANG_ENABLE_MODULES = YES;
				CLANG_ENABLE_OBJC_ARC = YES;
				CLANG_ENABLE_OBJC_WEAK = YES;
				CLANG_WARN_BLOCK_CAPTURE_AUTORELEASING = YES;
				CLANG_WARN_BOOL_CONVERSION = YES;
				CLANG_WARN_COMMA = YES;
				CLANG_WARN_CONSTANT_CONVERSION = YES;
				CLANG_WARN_DEPRECATED_OBJC_IMPLEMENTATIONS = YES;
				CLANG_WARN_DIRECT_OBJC_ISA_USAGE = YES_ERROR;
				CLANG_WARN_DOCUMENTATION_COMMENTS = YES;
				CLANG_WARN_EMPTY_BODY = YES;
				CLANG_WARN_ENUM_CONVERSION = YES;
				CLANG_WARN_INFINITE_RECURSION = YES;
				CLANG_WARN_INT_CONVERSION = YES;
				CLANG_WARN_NON_LITERAL_NULL_CONVERSION = YES;
				CLANG_WARN_OBJC_IMPLICIT_RETAIN_SELF = YES;
				CLANG_WARN_OBJC_LITERAL_CONVERSION = YES;
				CLANG_WARN_OBJC_ROOT_CLASS = YES_ERROR;
				CLANG_WARN_QUOTED_INCLUDE_IN_FRAMEWORK_HEADER = YES;
				CLANG_WARN_RANGE_LOOP_ANALYSIS = YES;
				CLANG_WARN_STRICT_PROTOTYPES = YES;
				CLANG_WARN_SUSPICIOUS_MOVE = YES;
				CLANG_WARN_UNGUARDED_AVAILABILITY = YES_AGGRESSIVE;
				CLANG_WARN_UNREACHABLE_CODE = YES;
				CLANG_WARN__DUPLICATE_METHOD_MATCH = YES;
				COPY_PHASE_STRIP = NO;
				DEBUG_INFORMATION_FORMAT = dwarf;
				ENABLE_STRICT_OBJC_MSGSEND = YES;
				ENABLE_TESTABILITY = YES;
				ENABLE_USER_SCRIPT_SANDBOXING = NO;
				GCC_C_LANGUAGE_STANDARD = gnu17;
				GCC_DYNAMIC_NO_PIC = NO;
				GCC_NO_COMMON_BLOCKS = YES;
				GCC_OPTIMIZATION_LEVEL = 0;
				GCC_PREPROCESSOR_DEFINITIONS = (
					"DEBUG=1",
					"$(inherited)",
				);
				GCC_WARN_64_TO_32_BIT_CONVERSION = YES;
				GCC_WARN_ABOUT_RETURN_TYPE = YES_ERROR;
				GCC_WARN_UNDECLARED_SELECTOR = YES;
				GCC_WARN_UNINITIALIZED_AUTOS = YES_AGGRESSIVE;
				GCC_WARN_UNUSED_FUNCTION = YES;
				GCC_WARN_UNUSED_VARIABLE = YES;
				IPHONEOS_DEPLOYMENT_TARGET = 17.2;
				LOCALIZATION_PREFERS_STRING_CATALOGS = YES;
				MTL_ENABLE_DEBUG_INFO = INCLUDE_SOURCE;
				MTL_FAST_MATH = YES;
				ONLY_ACTIVE_ARCH = YES;
				SDKROOT = iphoneos;
				SWIFT_ACTIVE_COMPILATION_CONDITIONS = "DEBUG $(inherited)";
				SWIFT_OPTIMIZATION_LEVEL = "-Onone";
			};
			name = Debug;
		};
		C3326B2D2BFFA01200234D26 /* Release */ = {
			isa = XCBuildConfiguration;
			buildSettings = {
				ALWAYS_SEARCH_USER_PATHS = NO;
				ASSETCATALOG_COMPILER_GENERATE_SWIFT_ASSET_SYMBOL_EXTENSIONS = YES;
				CLANG_ANALYZER_NONNULL = YES;
				CLANG_ANALYZER_NUMBER_OBJECT_CONVERSION = YES_AGGRESSIVE;
				CLANG_CXX_LANGUAGE_STANDARD = "gnu++20";
				CLANG_ENABLE_MODULES = YES;
				CLANG_ENABLE_OBJC_ARC = YES;
				CLANG_ENABLE_OBJC_WEAK = YES;
				CLANG_WARN_BLOCK_CAPTURE_AUTORELEASING = YES;
				CLANG_WARN_BOOL_CONVERSION = YES;
				CLANG_WARN_COMMA = YES;
				CLANG_WARN_CONSTANT_CONVERSION = YES;
				CLANG_WARN_DEPRECATED_OBJC_IMPLEMENTATIONS = YES;
				CLANG_WARN_DIRECT_OBJC_ISA_USAGE = YES_ERROR;
				CLANG_WARN_DOCUMENTATION_COMMENTS = YES;
				CLANG_WARN_EMPTY_BODY = YES;
				CLANG_WARN_ENUM_CONVERSION = YES;
				CLANG_WARN_INFINITE_RECURSION = YES;
				CLANG_WARN_INT_CONVERSION = YES;
				CLANG_WARN_NON_LITERAL_NULL_CONVERSION = YES;
				CLANG_WARN_OBJC_IMPLICIT_RETAIN_SELF = YES;
				CLANG_WARN_OBJC_LITERAL_CONVERSION = YES;
				CLANG_WARN_OBJC_ROOT_CLASS = YES_ERROR;
				CLANG_WARN_QUOTED_INCLUDE_IN_FRAMEWORK_HEADER = YES;
				CLANG_WARN_RANGE_LOOP_ANALYSIS = YES;
				CLANG_WARN_STRICT_PROTOTYPES = YES;
				CLANG_WARN_SUSPICIOUS_MOVE = YES;
				CLANG_WARN_UNGUARDED_AVAILABILITY = YES_AGGRESSIVE;
				CLANG_WARN_UNREACHABLE_CODE = YES;
				CLANG_WARN__DUPLICATE_METHOD_MATCH = YES;
				COPY_PHASE_STRIP = NO;
				DEBUG_INFORMATION_FORMAT = "dwarf-with-dsym";
				ENABLE_NS_ASSERTIONS = NO;
				ENABLE_STRICT_OBJC_MSGSEND = YES;
				ENABLE_USER_SCRIPT_SANDBOXING = NO;
				GCC_C_LANGUAGE_STANDARD = gnu17;
				GCC_NO_COMMON_BLOCKS = YES;
				GCC_WARN_64_TO_32_BIT_CONVERSION = YES;
				GCC_WARN_ABOUT_RETURN_TYPE = YES_ERROR;
				GCC_WARN_UNDECLARED_SELECTOR = YES;
				GCC_WARN_UNINITIALIZED_AUTOS = YES_AGGRESSIVE;
				GCC_WARN_UNUSED_FUNCTION = YES;
				GCC_WARN_UNUSED_VARIABLE = YES;
				IPHONEOS_DEPLOYMENT_TARGET = 17.2;
				LOCALIZATION_PREFERS_STRING_CATALOGS = YES;
				MTL_ENABLE_DEBUG_INFO = NO;
				MTL_FAST_MATH = YES;
				SDKROOT = iphoneos;
				SWIFT_COMPILATION_MODE = wholemodule;
				VALIDATE_PRODUCT = YES;
			};
			name = Release;
		};
		C3326B2F2BFFA01200234D26 /* Debug */ = {
			isa = XCBuildConfiguration;
			baseConfigurationReference = 6FECE9621E2AECB0CE31475D /* Pods-YMapTest.debug.xcconfig */;
			buildSettings = {
				ASSETCATALOG_COMPILER_APPICON_NAME = AppIcon;
				ASSETCATALOG_COMPILER_GLOBAL_ACCENT_COLOR_NAME = AccentColor;
				CODE_SIGN_STYLE = Automatic;
				CURRENT_PROJECT_VERSION = 1;
				DEVELOPMENT_TEAM = 9875BH6JL2;
				GENERATE_INFOPLIST_FILE = YES;
				INFOPLIST_FILE = YMapTest/Info.plist;
				INFOPLIST_KEY_NSLocationAlwaysAndWhenInUseUsageDescription = "Необходимо знать ваше точное месторасположение, чтобы подать машину.";
				INFOPLIST_KEY_NSLocationAlwaysUsageDescription = "Необходимо знать ваше точное месторасположение, чтобы подать машину.";
				INFOPLIST_KEY_NSLocationWhenInUseUsageDescription = "Необходимо знать ваше точное месторасположение, чтобы подать машину.";
				INFOPLIST_KEY_UIApplicationSupportsIndirectInputEvents = YES;
				INFOPLIST_KEY_UILaunchStoryboardName = LaunchScreen;
				INFOPLIST_KEY_UISupportedInterfaceOrientations_iPad = "UIInterfaceOrientationPortrait UIInterfaceOrientationPortraitUpsideDown UIInterfaceOrientationLandscapeLeft UIInterfaceOrientationLandscapeRight";
				INFOPLIST_KEY_UISupportedInterfaceOrientations_iPhone = "UIInterfaceOrientationPortrait UIInterfaceOrientationLandscapeLeft UIInterfaceOrientationLandscapeRight";
				IPHONEOS_DEPLOYMENT_TARGET = 16.0;
				LD_RUNPATH_SEARCH_PATHS = (
					"$(inherited)",
					"@executable_path/Frameworks",
				);
				MARKETING_VERSION = 1.0;
				PRODUCT_BUNDLE_IDENTIFIER = kanevsky.YMapTest.YMapTest2;
				PRODUCT_NAME = "$(TARGET_NAME)";
				SWIFT_EMIT_LOC_STRINGS = YES;
				SWIFT_VERSION = 5.0;
				TARGETED_DEVICE_FAMILY = "1,2";
			};
			name = Debug;
		};
		C3326B302BFFA01200234D26 /* Release */ = {
			isa = XCBuildConfiguration;
			baseConfigurationReference = 6B782188053772D412CD573E /* Pods-YMapTest.release.xcconfig */;
			buildSettings = {
				ASSETCATALOG_COMPILER_APPICON_NAME = AppIcon;
				ASSETCATALOG_COMPILER_GLOBAL_ACCENT_COLOR_NAME = AccentColor;
				CODE_SIGN_STYLE = Automatic;
				CURRENT_PROJECT_VERSION = 1;
				DEVELOPMENT_TEAM = 9875BH6JL2;
				GENERATE_INFOPLIST_FILE = YES;
				INFOPLIST_FILE = YMapTest/Info.plist;
				INFOPLIST_KEY_NSLocationAlwaysAndWhenInUseUsageDescription = "Необходимо знать ваше точное месторасположение, чтобы подать машину.";
				INFOPLIST_KEY_NSLocationAlwaysUsageDescription = "Необходимо знать ваше точное месторасположение, чтобы подать машину.";
				INFOPLIST_KEY_NSLocationWhenInUseUsageDescription = "Необходимо знать ваше точное месторасположение, чтобы подать машину.";
				INFOPLIST_KEY_UIApplicationSupportsIndirectInputEvents = YES;
				INFOPLIST_KEY_UILaunchStoryboardName = LaunchScreen;
				INFOPLIST_KEY_UISupportedInterfaceOrientations_iPad = "UIInterfaceOrientationPortrait UIInterfaceOrientationPortraitUpsideDown UIInterfaceOrientationLandscapeLeft UIInterfaceOrientationLandscapeRight";
				INFOPLIST_KEY_UISupportedInterfaceOrientations_iPhone = "UIInterfaceOrientationPortrait UIInterfaceOrientationLandscapeLeft UIInterfaceOrientationLandscapeRight";
				IPHONEOS_DEPLOYMENT_TARGET = 16.0;
				LD_RUNPATH_SEARCH_PATHS = (
					"$(inherited)",
					"@executable_path/Frameworks",
				);
				MARKETING_VERSION = 1.0;
				PRODUCT_BUNDLE_IDENTIFIER = kanevsky.YMapTest.YMapTest2;
				PRODUCT_NAME = "$(TARGET_NAME)";
				SWIFT_EMIT_LOC_STRINGS = YES;
				SWIFT_VERSION = 5.0;
				TARGETED_DEVICE_FAMILY = "1,2";
			};
			name = Release;
		};
/* End XCBuildConfiguration section */

/* Begin XCConfigurationList section */
		C3326B152BFFA00F00234D26 /* Build configuration list for PBXProject "YMapTest" */ = {
			isa = XCConfigurationList;
			buildConfigurations = (
				C3326B2C2BFFA01200234D26 /* Debug */,
				C3326B2D2BFFA01200234D26 /* Release */,
			);
			defaultConfigurationIsVisible = 0;
			defaultConfigurationName = Release;
		};
		C3326B2E2BFFA01200234D26 /* Build configuration list for PBXNativeTarget "YMapTest" */ = {
			isa = XCConfigurationList;
			buildConfigurations = (
				C3326B2F2BFFA01200234D26 /* Debug */,
				C3326B302BFFA01200234D26 /* Release */,
			);
			defaultConfigurationIsVisible = 0;
			defaultConfigurationName = Release;
		};
/* End XCConfigurationList section */
	};
	rootObject = C3326B122BFFA00F00234D26 /* Project object */;
}
