// !$*UTF8*$!
{
	archiveVersion = 1;
	classes = {
	};
	objectVersion = 56;
	objects = {

/* Begin PBXBuildFile section */
		928B734A0E4BA9BDA6F032A3 /* Pods_YMapTest.framework in Frameworks */ = {isa = PBXBuildFile; fileRef = D14477843FAC6F17B23F085B /* Pods_YMapTest.framework */; };
		C3326B1E2BFFA00F00234D26 /* AppDelegate.swift in Sources */ = {isa = PBXBuildFile; fileRef = C3326B1D2BFFA00F00234D26 /* AppDelegate.swift */; };
		C3326B202BFFA00F00234D26 /* SceneDelegate.swift in Sources */ = {isa = PBXBuildFile; fileRef = C3326B1F2BFFA00F00234D26 /* SceneDelegate.swift */; };
		C3326B222BFFA00F00234D26 /* MapViewController.swift in Sources */ = {isa = PBXBuildFile; fileRef = C3326B212BFFA00F00234D26 /* MapViewController.swift */; };
		C3326B272BFFA01200234D26 /* Assets.xcassets in Resources */ = {isa = PBXBuildFile; fileRef = C3326B262BFFA01200234D26 /* Assets.xcassets */; };
		C3326B2A2BFFA01200234D26 /* LaunchScreen.storyboard in Resources */ = {isa = PBXBuildFile; fileRef = C3326B282BFFA01200234D26 /* LaunchScreen.storyboard */; };
		C3326B322BFFA39600234D26 /* Constants.swift in Sources */ = {isa = PBXBuildFile; fileRef = C3326B312BFFA39600234D26 /* Constants.swift */; };
/* End PBXBuildFile section */

/* Begin PBXFileReference section */
		1B7628119C1EC6771AC0EE48 /* Pods-YMapTest.debug.xcconfig */ = {isa = PBXFileReference; includeInIndex = 1; lastKnownFileType = text.xcconfig; name = "Pods-YMapTest.debug.xcconfig"; path = "Target Support Files/Pods-YMapTest/Pods-YMapTest.debug.xcconfig"; sourceTree = "<group>"; };
		C3326B1A2BFFA00F00234D26 /* YMapTest.app */ = {isa = PBXFileReference; explicitFileType = wrapper.application; includeInIndex = 0; path = YMapTest.app; sourceTree = BUILT_PRODUCTS_DIR; };
		C3326B1D2BFFA00F00234D26 /* AppDelegate.swift */ = {isa = PBXFileReference; lastKnownFileType = sourcecode.swift; path = AppDelegate.swift; sourceTree = "<group>"; };
		C3326B1F2BFFA00F00234D26 /* SceneDelegate.swift */ = {isa = PBXFileReference; lastKnownFileType = sourcecode.swift; path = SceneDelegate.swift; sourceTree = "<group>"; };
		C3326B212BFFA00F00234D26 /* MapViewController.swift */ = {isa = PBXFileReference; lastKnownFileType = sourcecode.swift; path = MapViewController.swift; sourceTree = "<group>"; };
		C3326B262BFFA01200234D26 /* Assets.xcassets */ = {isa = PBXFileReference; lastKnownFileType = folder.assetcatalog; path = Assets.xcassets; sourceTree = "<group>"; };
		C3326B292BFFA01200234D26 /* Base */ = {isa = PBXFileReference; lastKnownFileType = file.storyboard; name = Base; path = Base.lproj/LaunchScreen.storyboard; sourceTree = "<group>"; };
		C3326B2B2BFFA01200234D26 /* Info.plist */ = {isa = PBXFileReference; lastKnownFileType = text.plist.xml; path = Info.plist; sourceTree = "<group>"; };
		C3326B312BFFA39600234D26 /* Constants.swift */ = {isa = PBXFileReference; lastKnownFileType = sourcecode.swift; path = Constants.swift; sourceTree = "<group>"; };
		D14477843FAC6F17B23F085B /* Pods_YMapTest.framework */ = {isa = PBXFileReference; explicitFileType = wrapper.framework; includeInIndex = 0; path = Pods_YMapTest.framework; sourceTree = BUILT_PRODUCTS_DIR; };
		F4380219259E54F200B63482 /* Pods-YMapTest.release.xcconfig */ = {isa = PBXFileReference; includeInIndex = 1; lastKnownFileType = text.xcconfig; name = "Pods-YMapTest.release.xcconfig"; path = "Target Support Files/Pods-YMapTest/Pods-YMapTest.release.xcconfig"; sourceTree = "<group>"; };
/* End PBXFileReference section */

/* Begin PBXFrameworksBuildPhase section */
		C3326B172BFFA00F00234D26 /* Frameworks */ = {
			isa = PBXFrameworksBuildPhase;
			buildActionMask = 2147483647;
			files = (
				928B734A0E4BA9BDA6F032A3 /* Pods_YMapTest.framework in Frameworks */,
			);
			runOnlyForDeploymentPostprocessing = 0;
		};
/* End PBXFrameworksBuildPhase section */

/* Begin PBXGroup section */
		43C1E7E90554256BEF73B71B /* Frameworks */ = {
			isa = PBXGroup;
			children = (
				D14477843FAC6F17B23F085B /* Pods_YMapTest.framework */,
			);
			name = Frameworks;
			sourceTree = "<group>";
		};
		C3326B112BFFA00F00234D26 = {
			isa = PBXGroup;
			children = (
				C3326B1C2BFFA00F00234D26 /* YMapTest */,
				C3326B1B2BFFA00F00234D26 /* Products */,
				EC29A01D08CAB6938F74B7D2 /* Pods */,
				43C1E7E90554256BEF73B71B /* Frameworks */,
			);
			sourceTree = "<group>";
		};
		C3326B1B2BFFA00F00234D26 /* Products */ = {
			isa = PBXGroup;
			children = (
				C3326B1A2BFFA00F00234D26 /* YMapTest.app */,
			);
			name = Products;
			sourceTree = "<group>";
		};
		C3326B1C2BFFA00F00234D26 /* YMapTest */ = {
			isa = PBXGroup;
			children = (
				C3326B1D2BFFA00F00234D26 /* AppDelegate.swift */,
				C3326B1F2BFFA00F00234D26 /* SceneDelegate.swift */,
				C3326B342BFFA3CD00234D26 /* Modules */,
				C3326B332BFFA3C500234D26 /* Helpers */,
				C3326B262BFFA01200234D26 /* Assets.xcassets */,
				C3326B282BFFA01200234D26 /* LaunchScreen.storyboard */,
				C3326B2B2BFFA01200234D26 /* Info.plist */,
			);
			path = YMapTest;
			sourceTree = "<group>";
		};
		C3326B332BFFA3C500234D26 /* Helpers */ = {
			isa = PBXGroup;
			children = (
				C3326B312BFFA39600234D26 /* Constants.swift */,
			);
			path = Helpers;
			sourceTree = "<group>";
		};
		C3326B342BFFA3CD00234D26 /* Modules */ = {
			isa = PBXGroup;
			children = (
				C3326B352BFFA3D200234D26 /* Map */,
			);
			path = Modules;
			sourceTree = "<group>";
		};
		C3326B352BFFA3D200234D26 /* Map */ = {
			isa = PBXGroup;
			children = (
				C3326B362BFFA3DF00234D26 /* Controllers */,
			);
			path = Map;
			sourceTree = "<group>";
		};
		C3326B362BFFA3DF00234D26 /* Controllers */ = {
			isa = PBXGroup;
			children = (
				C3326B212BFFA00F00234D26 /* MapViewController.swift */,
			);
			path = Controllers;
			sourceTree = "<group>";
		};
		EC29A01D08CAB6938F74B7D2 /* Pods */ = {
			isa = PBXGroup;
			children = (
				1B7628119C1EC6771AC0EE48 /* Pods-YMapTest.debug.xcconfig */,
				F4380219259E54F200B63482 /* Pods-YMapTest.release.xcconfig */,
			);
			path = Pods;
			sourceTree = "<group>";
		};
/* End PBXGroup section */

/* Begin PBXNativeTarget section */
		C3326B192BFFA00F00234D26 /* YMapTest */ = {
			isa = PBXNativeTarget;
			buildConfigurationList = C3326B2E2BFFA01200234D26 /* Build configuration list for PBXNativeTarget "YMapTest" */;
			buildPhases = (
				58788850CBC6B6ED3E53885F /* [CP] Check Pods Manifest.lock */,
				C3326B162BFFA00F00234D26 /* Sources */,
				C3326B172BFFA00F00234D26 /* Frameworks */,
				C3326B182BFFA00F00234D26 /* Resources */,
				B7CB568185E0891BA1818663 /* [CP] Embed Pods Frameworks */,
				FF8EF2285E6E87128B8D0DA9 /* [CP] Copy Pods Resources */,
			);
			buildRules = (
			);
			dependencies = (
			);
			name = YMapTest;
			productName = YMapTest;
			productReference = C3326B1A2BFFA00F00234D26 /* YMapTest.app */;
			productType = "com.apple.product-type.application";
		};
/* End PBXNativeTarget section */

/* Begin PBXProject section */
		C3326B122BFFA00F00234D26 /* Project object */ = {
			isa = PBXProject;
			attributes = {
				BuildIndependentTargetsInParallel = 1;
				LastSwiftUpdateCheck = 1520;
				LastUpgradeCheck = 1520;
				TargetAttributes = {
					C3326B192BFFA00F00234D26 = {
						CreatedOnToolsVersion = 15.2;
					};
				};
			};
			buildConfigurationList = C3326B152BFFA00F00234D26 /* Build configuration list for PBXProject "YMapTest" */;
			compatibilityVersion = "Xcode 14.0";
			developmentRegion = en;
			hasScannedForEncodings = 0;
			knownRegions = (
				en,
				Base,
			);
			mainGroup = C3326B112BFFA00F00234D26;
			productRefGroup = C3326B1B2BFFA00F00234D26 /* Products */;
			projectDirPath = "";
			projectRoot = "";
			targets = (
				C3326B192BFFA00F00234D26 /* YMapTest */,
			);
		};
/* End PBXProject section */

/* Begin PBXResourcesBuildPhase section */
		C3326B182BFFA00F00234D26 /* Resources */ = {
			isa = PBXResourcesBuildPhase;
			buildActionMask = 2147483647;
			files = (
				C3326B2A2BFFA01200234D26 /* LaunchScreen.storyboard in Resources */,
				C3326B272BFFA01200234D26 /* Assets.xcassets in Resources */,
			);
			runOnlyForDeploymentPostprocessing = 0;
		};
/* End PBXResourcesBuildPhase section */

/* Begin PBXShellScriptBuildPhase section */
		58788850CBC6B6ED3E53885F /* [CP] Check Pods Manifest.lock */ = {
			isa = PBXShellScriptBuildPhase;
			buildActionMask = 2147483647;
			files = (
			);
			inputFileListPaths = (
			);
			inputPaths = (
				"${PODS_PODFILE_DIR_PATH}/Podfile.lock",
				"${PODS_ROOT}/Manifest.lock",
			);
			name = "[CP] Check Pods Manifest.lock";
			outputFileListPaths = (
			);
			outputPaths = (
				"$(DERIVED_FILE_DIR)/Pods-YMapTest-checkManifestLockResult.txt",
			);
			runOnlyForDeploymentPostprocessing = 0;
			shellPath = /bin/sh;
			shellScript = "diff \"${PODS_PODFILE_DIR_PATH}/Podfile.lock\" \"${PODS_ROOT}/Manifest.lock\" > /dev/null\nif [ $? != 0 ] ; then\n    # print error to STDERR\n    echo \"error: The sandbox is not in sync with the Podfile.lock. Run 'pod install' or update your CocoaPods installation.\" >&2\n    exit 1\nfi\n# This output is used by Xcode 'outputs' to avoid re-running this script phase.\necho \"SUCCESS\" > \"${SCRIPT_OUTPUT_FILE_0}\"\n";
			showEnvVarsInLog = 0;
		};
		B7CB568185E0891BA1818663 /* [CP] Embed Pods Frameworks */ = {
			isa = PBXShellScriptBuildPhase;
			buildActionMask = 2147483647;
			files = (
			);
			inputFileListPaths = (
				"${PODS_ROOT}/Target Support Files/Pods-YMapTest/Pods-YMapTest-frameworks-${CONFIGURATION}-input-files.xcfilelist",
			);
			name = "[CP] Embed Pods Frameworks";
			outputFileListPaths = (
				"${PODS_ROOT}/Target Support Files/Pods-YMapTest/Pods-YMapTest-frameworks-${CONFIGURATION}-output-files.xcfilelist",
			);
			runOnlyForDeploymentPostprocessing = 0;
			shellPath = /bin/sh;
			shellScript = "\"${PODS_ROOT}/Target Support Files/Pods-YMapTest/Pods-YMapTest-frameworks.sh\"\n";
			showEnvVarsInLog = 0;
		};
		FF8EF2285E6E87128B8D0DA9 /* [CP] Copy Pods Resources */ = {
			isa = PBXShellScriptBuildPhase;
			buildActionMask = 2147483647;
			files = (
			);
			inputFileListPaths = (
				"${PODS_ROOT}/Target Support Files/Pods-YMapTest/Pods-YMapTest-resources-${CONFIGURATION}-input-files.xcfilelist",
			);
			name = "[CP] Copy Pods Resources";
			outputFileListPaths = (
				"${PODS_ROOT}/Target Support Files/Pods-YMapTest/Pods-YMapTest-resources-${CONFIGURATION}-output-files.xcfilelist",
			);
			runOnlyForDeploymentPostprocessing = 0;
			shellPath = /bin/sh;
			shellScript = "\"${PODS_ROOT}/Target Support Files/Pods-YMapTest/Pods-YMapTest-resources.sh\"\n";
			showEnvVarsInLog = 0;
		};
/* End PBXShellScriptBuildPhase section */

/* Begin PBXSourcesBuildPhase section */
		C3326B162BFFA00F00234D26 /* Sources */ = {
			isa = PBXSourcesBuildPhase;
			buildActionMask = 2147483647;
			files = (
				C3326B222BFFA00F00234D26 /* MapViewController.swift in Sources */,
				C3326B1E2BFFA00F00234D26 /* AppDelegate.swift in Sources */,
				C3326B202BFFA00F00234D26 /* SceneDelegate.swift in Sources */,
				C3326B322BFFA39600234D26 /* Constants.swift in Sources */,
			);
			runOnlyForDeploymentPostprocessing = 0;
		};
/* End PBXSourcesBuildPhase section */

/* Begin PBXVariantGroup section */
		C3326B282BFFA01200234D26 /* LaunchScreen.storyboard */ = {
			isa = PBXVariantGroup;
			children = (
				C3326B292BFFA01200234D26 /* Base */,
			);
			name = LaunchScreen.storyboard;
			sourceTree = "<group>";
		};
/* End PBXVariantGroup section */

/* Begin XCBuildConfiguration section */
		C3326B2C2BFFA01200234D26 /* Debug */ = {
			isa = XCBuildConfiguration;
			buildSettings = {
				ALWAYS_SEARCH_USER_PATHS = NO;
				ASSETCATALOG_COMPILER_GENERATE_SWIFT_ASSET_SYMBOL_EXTENSIONS = YES;
				CLANG_ANALYZER_NONNULL = YES;
				CLANG_ANALYZER_NUMBER_OBJECT_CONVERSION = YES_AGGRESSIVE;
				CLANG_CXX_LANGUAGE_STANDARD = "gnu++20";
				CLANG_ENABLE_MODULES = YES;
				CLANG_ENABLE_OBJC_ARC = YES;
				CLANG_ENABLE_OBJC_WEAK = YES;
				CLANG_WARN_BLOCK_CAPTURE_AUTORELEASING = YES;
				CLANG_WARN_BOOL_CONVERSION = YES;
				CLANG_WARN_COMMA = YES;
				CLANG_WARN_CONSTANT_CONVERSION = YES;
				CLANG_WARN_DEPRECATED_OBJC_IMPLEMENTATIONS = YES;
				CLANG_WARN_DIRECT_OBJC_ISA_USAGE = YES_ERROR;
				CLANG_WARN_DOCUMENTATION_COMMENTS = YES;
				CLANG_WARN_EMPTY_BODY = YES;
				CLANG_WARN_ENUM_CONVERSION = YES;
				CLANG_WARN_INFINITE_RECURSION = YES;
				CLANG_WARN_INT_CONVERSION = YES;
				CLANG_WARN_NON_LITERAL_NULL_CONVERSION = YES;
				CLANG_WARN_OBJC_IMPLICIT_RETAIN_SELF = YES;
				CLANG_WARN_OBJC_LITERAL_CONVERSION = YES;
				CLANG_WARN_OBJC_ROOT_CLASS = YES_ERROR;
				CLANG_WARN_QUOTED_INCLUDE_IN_FRAMEWORK_HEADER = YES;
				CLANG_WARN_RANGE_LOOP_ANALYSIS = YES;
				CLANG_WARN_STRICT_PROTOTYPES = YES;
				CLANG_WARN_SUSPICIOUS_MOVE = YES;
				CLANG_WARN_UNGUARDED_AVAILABILITY = YES_AGGRESSIVE;
				CLANG_WARN_UNREACHABLE_CODE = YES;
				CLANG_WARN__DUPLICATE_METHOD_MATCH = YES;
				COPY_PHASE_STRIP = NO;
				DEBUG_INFORMATION_FORMAT = dwarf;
				ENABLE_STRICT_OBJC_MSGSEND = YES;
				ENABLE_TESTABILITY = YES;
				ENABLE_USER_SCRIPT_SANDBOXING = NO;
				GCC_C_LANGUAGE_STANDARD = gnu17;
				GCC_DYNAMIC_NO_PIC = NO;
				GCC_NO_COMMON_BLOCKS = YES;
				GCC_OPTIMIZATION_LEVEL = 0;
				GCC_PREPROCESSOR_DEFINITIONS = (
					"DEBUG=1",
					"$(inherited)",
				);
				GCC_WARN_64_TO_32_BIT_CONVERSION = YES;
				GCC_WARN_ABOUT_RETURN_TYPE = YES_ERROR;
				GCC_WARN_UNDECLARED_SELECTOR = YES;
				GCC_WARN_UNINITIALIZED_AUTOS = YES_AGGRESSIVE;
				GCC_WARN_UNUSED_FUNCTION = YES;
				GCC_WARN_UNUSED_VARIABLE = YES;
				IPHONEOS_DEPLOYMENT_TARGET = 17.2;
				LOCALIZATION_PREFERS_STRING_CATALOGS = YES;
				MTL_ENABLE_DEBUG_INFO = INCLUDE_SOURCE;
				MTL_FAST_MATH = YES;
				ONLY_ACTIVE_ARCH = YES;
				SDKROOT = iphoneos;
				SWIFT_ACTIVE_COMPILATION_CONDITIONS = "DEBUG $(inherited)";
				SWIFT_OPTIMIZATION_LEVEL = "-Onone";
			};
			name = Debug;
		};
		C3326B2D2BFFA01200234D26 /* Release */ = {
			isa = XCBuildConfiguration;
			buildSettings = {
				ALWAYS_SEARCH_USER_PATHS = NO;
				ASSETCATALOG_COMPILER_GENERATE_SWIFT_ASSET_SYMBOL_EXTENSIONS = YES;
				CLANG_ANALYZER_NONNULL = YES;
				CLANG_ANALYZER_NUMBER_OBJECT_CONVERSION = YES_AGGRESSIVE;
				CLANG_CXX_LANGUAGE_STANDARD = "gnu++20";
				CLANG_ENABLE_MODULES = YES;
				CLANG_ENABLE_OBJC_ARC = YES;
				CLANG_ENABLE_OBJC_WEAK = YES;
				CLANG_WARN_BLOCK_CAPTURE_AUTORELEASING = YES;
				CLANG_WARN_BOOL_CONVERSION = YES;
				CLANG_WARN_COMMA = YES;
				CLANG_WARN_CONSTANT_CONVERSION = YES;
				CLANG_WARN_DEPRECATED_OBJC_IMPLEMENTATIONS = YES;
				CLANG_WARN_DIRECT_OBJC_ISA_USAGE = YES_ERROR;
				CLANG_WARN_DOCUMENTATION_COMMENTS = YES;
				CLANG_WARN_EMPTY_BODY = YES;
				CLANG_WARN_ENUM_CONVERSION = YES;
				CLANG_WARN_INFINITE_RECURSION = YES;
				CLANG_WARN_INT_CONVERSION = YES;
				CLANG_WARN_NON_LITERAL_NULL_CONVERSION = YES;
				CLANG_WARN_OBJC_IMPLICIT_RETAIN_SELF = YES;
				CLANG_WARN_OBJC_LITERAL_CONVERSION = YES;
				CLANG_WARN_OBJC_ROOT_CLASS = YES_ERROR;
				CLANG_WARN_QUOTED_INCLUDE_IN_FRAMEWORK_HEADER = YES;
				CLANG_WARN_RANGE_LOOP_ANALYSIS = YES;
				CLANG_WARN_STRICT_PROTOTYPES = YES;
				CLANG_WARN_SUSPICIOUS_MOVE = YES;
				CLANG_WARN_UNGUARDED_AVAILABILITY = YES_AGGRESSIVE;
				CLANG_WARN_UNREACHABLE_CODE = YES;
				CLANG_WARN__DUPLICATE_METHOD_MATCH = YES;
				COPY_PHASE_STRIP = NO;
				DEBUG_INFORMATION_FORMAT = "dwarf-with-dsym";
				ENABLE_NS_ASSERTIONS = NO;
				ENABLE_STRICT_OBJC_MSGSEND = YES;
				ENABLE_USER_SCRIPT_SANDBOXING = NO;
				GCC_C_LANGUAGE_STANDARD = gnu17;
				GCC_NO_COMMON_BLOCKS = YES;
				GCC_WARN_64_TO_32_BIT_CONVERSION = YES;
				GCC_WARN_ABOUT_RETURN_TYPE = YES_ERROR;
				GCC_WARN_UNDECLARED_SELECTOR = YES;
				GCC_WARN_UNINITIALIZED_AUTOS = YES_AGGRESSIVE;
				GCC_WARN_UNUSED_FUNCTION = YES;
				GCC_WARN_UNUSED_VARIABLE = YES;
				IPHONEOS_DEPLOYMENT_TARGET = 17.2;
				LOCALIZATION_PREFERS_STRING_CATALOGS = YES;
				MTL_ENABLE_DEBUG_INFO = NO;
				MTL_FAST_MATH = YES;
				SDKROOT = iphoneos;
				SWIFT_COMPILATION_MODE = wholemodule;
				VALIDATE_PRODUCT = YES;
			};
			name = Release;
		};
		C3326B2F2BFFA01200234D26 /* Debug */ = {
			isa = XCBuildConfiguration;
			baseConfigurationReference = 1B7628119C1EC6771AC0EE48 /* Pods-YMapTest.debug.xcconfig */;
			buildSettings = {
				ASSETCATALOG_COMPILER_APPICON_NAME = AppIcon;
				ASSETCATALOG_COMPILER_GLOBAL_ACCENT_COLOR_NAME = AccentColor;
				CODE_SIGN_STYLE = Automatic;
				CURRENT_PROJECT_VERSION = 1;
				DEVELOPMENT_TEAM = VH7V2KHZB4;
				GENERATE_INFOPLIST_FILE = YES;
				INFOPLIST_FILE = YMapTest/Info.plist;
				INFOPLIST_KEY_UIApplicationSupportsIndirectInputEvents = YES;
				INFOPLIST_KEY_UILaunchStoryboardName = LaunchScreen;
				INFOPLIST_KEY_UISupportedInterfaceOrientations_iPad = "UIInterfaceOrientationPortrait UIInterfaceOrientationPortraitUpsideDown UIInterfaceOrientationLandscapeLeft UIInterfaceOrientationLandscapeRight";
				INFOPLIST_KEY_UISupportedInterfaceOrientations_iPhone = "UIInterfaceOrientationPortrait UIInterfaceOrientationLandscapeLeft UIInterfaceOrientationLandscapeRight";
				IPHONEOS_DEPLOYMENT_TARGET = 16.0;
				LD_RUNPATH_SEARCH_PATHS = (
					"$(inherited)",
					"@executable_path/Frameworks",
				);
				MARKETING_VERSION = 1.0;
				PRODUCT_BUNDLE_IDENTIFIER = kanevsky.YMapTest.YMapTest;
				PRODUCT_NAME = "$(TARGET_NAME)";
				SWIFT_EMIT_LOC_STRINGS = YES;
				SWIFT_VERSION = 5.0;
				TARGETED_DEVICE_FAMILY = "1,2";
			};
			name = Debug;
		};
		C3326B302BFFA01200234D26 /* Release */ = {
			isa = XCBuildConfiguration;
			baseConfigurationReference = F4380219259E54F200B63482 /* Pods-YMapTest.release.xcconfig */;
			buildSettings = {
				ASSETCATALOG_COMPILER_APPICON_NAME = AppIcon;
				ASSETCATALOG_COMPILER_GLOBAL_ACCENT_COLOR_NAME = AccentColor;
				CODE_SIGN_STYLE = Automatic;
				CURRENT_PROJECT_VERSION = 1;
				DEVELOPMENT_TEAM = VH7V2KHZB4;
				GENERATE_INFOPLIST_FILE = YES;
				INFOPLIST_FILE = YMapTest/Info.plist;
				INFOPLIST_KEY_UIApplicationSupportsIndirectInputEvents = YES;
				INFOPLIST_KEY_UILaunchStoryboardName = LaunchScreen;
				INFOPLIST_KEY_UISupportedInterfaceOrientations_iPad = "UIInterfaceOrientationPortrait UIInterfaceOrientationPortraitUpsideDown UIInterfaceOrientationLandscapeLeft UIInterfaceOrientationLandscapeRight";
				INFOPLIST_KEY_UISupportedInterfaceOrientations_iPhone = "UIInterfaceOrientationPortrait UIInterfaceOrientationLandscapeLeft UIInterfaceOrientationLandscapeRight";
				IPHONEOS_DEPLOYMENT_TARGET = 16.0;
				LD_RUNPATH_SEARCH_PATHS = (
					"$(inherited)",
					"@executable_path/Frameworks",
				);
				MARKETING_VERSION = 1.0;
				PRODUCT_BUNDLE_IDENTIFIER = kanevsky.YMapTest.YMapTest;
				PRODUCT_NAME = "$(TARGET_NAME)";
				SWIFT_EMIT_LOC_STRINGS = YES;
				SWIFT_VERSION = 5.0;
				TARGETED_DEVICE_FAMILY = "1,2";
			};
			name = Release;
		};
/* End XCBuildConfiguration section */

/* Begin XCConfigurationList section */
		C3326B152BFFA00F00234D26 /* Build configuration list for PBXProject "YMapTest" */ = {
			isa = XCConfigurationList;
			buildConfigurations = (
				C3326B2C2BFFA01200234D26 /* Debug */,
				C3326B2D2BFFA01200234D26 /* Release */,
			);
			defaultConfigurationIsVisible = 0;
			defaultConfigurationName = Release;
		};
		C3326B2E2BFFA01200234D26 /* Build configuration list for PBXNativeTarget "YMapTest" */ = {
			isa = XCConfigurationList;
			buildConfigurations = (
				C3326B2F2BFFA01200234D26 /* Debug */,
				C3326B302BFFA01200234D26 /* Release */,
			);
			defaultConfigurationIsVisible = 0;
			defaultConfigurationName = Release;
		};
/* End XCConfigurationList section */
	};
	rootObject = C3326B122BFFA00F00234D26 /* Project object */;
}
